// !$*UTF8*$!
{
	archiveVersion = 1;
	classes = {
	};
	objectVersion = 50;
	objects = {

/* Begin PBXBuildFile section */
		8FF9551625CB97A60071FC03 /* AppDelegate.swift in Sources */ = {isa = PBXBuildFile; fileRef = 8FF9551525CB97A60071FC03 /* AppDelegate.swift */; };
		8FF9551825CB97A60071FC03 /* SceneDelegate.swift in Sources */ = {isa = PBXBuildFile; fileRef = 8FF9551725CB97A60071FC03 /* SceneDelegate.swift */; };
		8FF9551A25CB97A60071FC03 /* ViewController.swift in Sources */ = {isa = PBXBuildFile; fileRef = 8FF9551925CB97A60071FC03 /* ViewController.swift */; };
		8FF9551D25CB97A60071FC03 /* Main.storyboard in Resources */ = {isa = PBXBuildFile; fileRef = 8FF9551B25CB97A60071FC03 /* Main.storyboard */; };
		8FF9551F25CB97A80071FC03 /* Assets.xcassets in Resources */ = {isa = PBXBuildFile; fileRef = 8FF9551E25CB97A80071FC03 /* Assets.xcassets */; };
		8FF9552225CB97A80071FC03 /* LaunchScreen.storyboard in Resources */ = {isa = PBXBuildFile; fileRef = 8FF9552025CB97A80071FC03 /* LaunchScreen.storyboard */; };
		8FF9552D25CB97A80071FC03 /* SampleAppTests.swift in Sources */ = {isa = PBXBuildFile; fileRef = 8FF9552C25CB97A80071FC03 /* SampleAppTests.swift */; };
		8FF9553825CB97A80071FC03 /* SampleAppUITests.swift in Sources */ = {isa = PBXBuildFile; fileRef = 8FF9553725CB97A80071FC03 /* SampleAppUITests.swift */; };
/* End PBXBuildFile section */

/* Begin PBXContainerItemProxy section */
		8FF9552925CB97A80071FC03 /* PBXContainerItemProxy */ = {
			isa = PBXContainerItemProxy;
			containerPortal = 8FF9550A25CB97A60071FC03 /* Project object */;
			proxyType = 1;
			remoteGlobalIDString = 8FF9551125CB97A60071FC03;
			remoteInfo = SampleApp;
		};
		8FF9553425CB97A80071FC03 /* PBXContainerItemProxy */ = {
			isa = PBXContainerItemProxy;
			containerPortal = 8FF9550A25CB97A60071FC03 /* Project object */;
			proxyType = 1;
			remoteGlobalIDString = 8FF9551125CB97A60071FC03;
			remoteInfo = SampleApp;
		};
/* End PBXContainerItemProxy section */

/* Begin PBXFileReference section */
		8FF9551225CB97A60071FC03 /* SampleApp.app */ = {isa = PBXFileReference; explicitFileType = wrapper.application; includeInIndex = 0; path = SampleApp.app; sourceTree = BUILT_PRODUCTS_DIR; };
		8FF9551525CB97A60071FC03 /* AppDelegate.swift */ = {isa = PBXFileReference; lastKnownFileType = sourcecode.swift; path = AppDelegate.swift; sourceTree = "<group>"; };
		8FF9551725CB97A60071FC03 /* SceneDelegate.swift */ = {isa = PBXFileReference; lastKnownFileType = sourcecode.swift; path = SceneDelegate.swift; sourceTree = "<group>"; };
		8FF9551925CB97A60071FC03 /* ViewController.swift */ = {isa = PBXFileReference; lastKnownFileType = sourcecode.swift; path = ViewController.swift; sourceTree = "<group>"; };
		8FF9551C25CB97A60071FC03 /* Base */ = {isa = PBXFileReference; lastKnownFileType = file.storyboard; name = Base; path = Base.lproj/Main.storyboard; sourceTree = "<group>"; };
		8FF9551E25CB97A80071FC03 /* Assets.xcassets */ = {isa = PBXFileReference; lastKnownFileType = folder.assetcatalog; path = Assets.xcassets; sourceTree = "<group>"; };
		8FF9552125CB97A80071FC03 /* Base */ = {isa = PBXFileReference; lastKnownFileType = file.storyboard; name = Base; path = Base.lproj/LaunchScreen.storyboard; sourceTree = "<group>"; };
		8FF9552325CB97A80071FC03 /* Info.plist */ = {isa = PBXFileReference; lastKnownFileType = text.plist.xml; path = Info.plist; sourceTree = "<group>"; };
		8FF9552825CB97A80071FC03 /* SampleAppTests.xctest */ = {isa = PBXFileReference; explicitFileType = wrapper.cfbundle; includeInIndex = 0; path = SampleAppTests.xctest; sourceTree = BUILT_PRODUCTS_DIR; };
		8FF9552C25CB97A80071FC03 /* SampleAppTests.swift */ = {isa = PBXFileReference; lastKnownFileType = sourcecode.swift; path = SampleAppTests.swift; sourceTree = "<group>"; };
		8FF9552E25CB97A80071FC03 /* Info.plist */ = {isa = PBXFileReference; lastKnownFileType = text.plist.xml; path = Info.plist; sourceTree = "<group>"; };
		8FF9553325CB97A80071FC03 /* SampleAppUITests.xctest */ = {isa = PBXFileReference; explicitFileType = wrapper.cfbundle; includeInIndex = 0; path = SampleAppUITests.xctest; sourceTree = BUILT_PRODUCTS_DIR; };
		8FF9553725CB97A80071FC03 /* SampleAppUITests.swift */ = {isa = PBXFileReference; lastKnownFileType = sourcecode.swift; path = SampleAppUITests.swift; sourceTree = "<group>"; };
		8FF9553925CB97A80071FC03 /* Info.plist */ = {isa = PBXFileReference; lastKnownFileType = text.plist.xml; path = Info.plist; sourceTree = "<group>"; };
/* End PBXFileReference section */

/* Begin PBXFrameworksBuildPhase section */
		8FF9550F25CB97A60071FC03 /* Frameworks */ = {
			isa = PBXFrameworksBuildPhase;
			buildActionMask = 2147483647;
			files = (
			);
			runOnlyForDeploymentPostprocessing = 0;
		};
		8FF9552525CB97A80071FC03 /* Frameworks */ = {
			isa = PBXFrameworksBuildPhase;
			buildActionMask = 2147483647;
			files = (
			);
			runOnlyForDeploymentPostprocessing = 0;
		};
		8FF9553025CB97A80071FC03 /* Frameworks */ = {
			isa = PBXFrameworksBuildPhase;
			buildActionMask = 2147483647;
			files = (
			);
			runOnlyForDeploymentPostprocessing = 0;
		};
/* End PBXFrameworksBuildPhase section */

/* Begin PBXGroup section */
		8FF9550925CB97A60071FC03 = {
			isa = PBXGroup;
			children = (
				8FF9551425CB97A60071FC03 /* SampleApp */,
				8FF9552B25CB97A80071FC03 /* SampleAppTests */,
				8FF9553625CB97A80071FC03 /* SampleAppUITests */,
				8FF9551325CB97A60071FC03 /* Products */,
			);
			sourceTree = "<group>";
		};
		8FF9551325CB97A60071FC03 /* Products */ = {
			isa = PBXGroup;
			children = (
				8FF9551225CB97A60071FC03 /* SampleApp.app */,
				8FF9552825CB97A80071FC03 /* SampleAppTests.xctest */,
				8FF9553325CB97A80071FC03 /* SampleAppUITests.xctest */,
			);
			name = Products;
			sourceTree = "<group>";
		};
		8FF9551425CB97A60071FC03 /* SampleApp */ = {
			isa = PBXGroup;
			children = (
				8FF9551525CB97A60071FC03 /* AppDelegate.swift */,
				8FF9551725CB97A60071FC03 /* SceneDelegate.swift */,
				8FF9551925CB97A60071FC03 /* ViewController.swift */,
				8FF9551B25CB97A60071FC03 /* Main.storyboard */,
				8FF9551E25CB97A80071FC03 /* Assets.xcassets */,
				8FF9552025CB97A80071FC03 /* LaunchScreen.storyboard */,
				8FF9552325CB97A80071FC03 /* Info.plist */,
			);
			path = SampleApp;
			sourceTree = "<group>";
		};
		8FF9552B25CB97A80071FC03 /* SampleAppTests */ = {
			isa = PBXGroup;
			children = (
				8FF9552C25CB97A80071FC03 /* SampleAppTests.swift */,
				8FF9552E25CB97A80071FC03 /* Info.plist */,
			);
			path = SampleAppTests;
			sourceTree = "<group>";
		};
		8FF9553625CB97A80071FC03 /* SampleAppUITests */ = {
			isa = PBXGroup;
			children = (
				8FF9553725CB97A80071FC03 /* SampleAppUITests.swift */,
				8FF9553925CB97A80071FC03 /* Info.plist */,
			);
			path = SampleAppUITests;
			sourceTree = "<group>";
		};
/* End PBXGroup section */

/* Begin PBXNativeTarget section */
		8FF9551125CB97A60071FC03 /* SampleApp */ = {
			isa = PBXNativeTarget;
			buildConfigurationList = 8FF9553C25CB97A80071FC03 /* Build configuration list for PBXNativeTarget "SampleApp" */;
			buildPhases = (
				8FF9550E25CB97A60071FC03 /* Sources */,
				8FF9550F25CB97A60071FC03 /* Frameworks */,
				8FF9551025CB97A60071FC03 /* Resources */,
			);
			buildRules = (
			);
			dependencies = (
			);
			name = SampleApp;
			productName = SampleApp;
			productReference = 8FF9551225CB97A60071FC03 /* SampleApp.app */;
			productType = "com.apple.product-type.application";
		};
		8FF9552725CB97A80071FC03 /* SampleAppTests */ = {
			isa = PBXNativeTarget;
			buildConfigurationList = 8FF9553F25CB97A80071FC03 /* Build configuration list for PBXNativeTarget "SampleAppTests" */;
			buildPhases = (
				8FF9552425CB97A80071FC03 /* Sources */,
				8FF9552525CB97A80071FC03 /* Frameworks */,
				8FF9552625CB97A80071FC03 /* Resources */,
			);
			buildRules = (
			);
			dependencies = (
				8FF9552A25CB97A80071FC03 /* PBXTargetDependency */,
			);
			name = SampleAppTests;
			productName = SampleAppTests;
			productReference = 8FF9552825CB97A80071FC03 /* SampleAppTests.xctest */;
			productType = "com.apple.product-type.bundle.unit-test";
		};
		8FF9553225CB97A80071FC03 /* SampleAppUITests */ = {
			isa = PBXNativeTarget;
			buildConfigurationList = 8FF9554225CB97A80071FC03 /* Build configuration list for PBXNativeTarget "SampleAppUITests" */;
			buildPhases = (
				8FF9552F25CB97A80071FC03 /* Sources */,
				8FF9553025CB97A80071FC03 /* Frameworks */,
				8FF9553125CB97A80071FC03 /* Resources */,
			);
			buildRules = (
			);
			dependencies = (
				8FF9553525CB97A80071FC03 /* PBXTargetDependency */,
			);
			name = SampleAppUITests;
			productName = SampleAppUITests;
			productReference = 8FF9553325CB97A80071FC03 /* SampleAppUITests.xctest */;
			productType = "com.apple.product-type.bundle.ui-testing";
		};
/* End PBXNativeTarget section */

/* Begin PBXProject section */
		8FF9550A25CB97A60071FC03 /* Project object */ = {
			isa = PBXProject;
			attributes = {
				LastSwiftUpdateCheck = 1230;
				LastUpgradeCheck = 1230;
				TargetAttributes = {
					8FF9551125CB97A60071FC03 = {
						CreatedOnToolsVersion = 12.3;
					};
					8FF9552725CB97A80071FC03 = {
						CreatedOnToolsVersion = 12.3;
						TestTargetID = 8FF9551125CB97A60071FC03;
					};
					8FF9553225CB97A80071FC03 = {
						CreatedOnToolsVersion = 12.3;
						TestTargetID = 8FF9551125CB97A60071FC03;
					};
				};
			};
			buildConfigurationList = 8FF9550D25CB97A60071FC03 /* Build configuration list for PBXProject "SampleApp" */;
			compatibilityVersion = "Xcode 9.3";
			developmentRegion = en;
			hasScannedForEncodings = 0;
			knownRegions = (
				en,
				Base,
			);
			mainGroup = 8FF9550925CB97A60071FC03;
			productRefGroup = 8FF9551325CB97A60071FC03 /* Products */;
			projectDirPath = "";
			projectRoot = "";
			targets = (
				8FF9551125CB97A60071FC03 /* SampleApp */,
				8FF9552725CB97A80071FC03 /* SampleAppTests */,
				8FF9553225CB97A80071FC03 /* SampleAppUITests */,
			);
		};
/* End PBXProject section */

/* Begin PBXResourcesBuildPhase section */
		8FF9551025CB97A60071FC03 /* Resources */ = {
			isa = PBXResourcesBuildPhase;
			buildActionMask = 2147483647;
			files = (
				8FF9552225CB97A80071FC03 /* LaunchScreen.storyboard in Resources */,
				8FF9551F25CB97A80071FC03 /* Assets.xcassets in Resources */,
				8FF9551D25CB97A60071FC03 /* Main.storyboard in Resources */,
			);
			runOnlyForDeploymentPostprocessing = 0;
		};
		8FF9552625CB97A80071FC03 /* Resources */ = {
			isa = PBXResourcesBuildPhase;
			buildActionMask = 2147483647;
			files = (
			);
			runOnlyForDeploymentPostprocessing = 0;
		};
		8FF9553125CB97A80071FC03 /* Resources */ = {
			isa = PBXResourcesBuildPhase;
			buildActionMask = 2147483647;
			files = (
			);
			runOnlyForDeploymentPostprocessing = 0;
		};
/* End PBXResourcesBuildPhase section */

/* Begin PBXSourcesBuildPhase section */
		8FF9550E25CB97A60071FC03 /* Sources */ = {
			isa = PBXSourcesBuildPhase;
			buildActionMask = 2147483647;
			files = (
				8FF9551A25CB97A60071FC03 /* ViewController.swift in Sources */,
				8FF9551625CB97A60071FC03 /* AppDelegate.swift in Sources */,
				8FF9551825CB97A60071FC03 /* SceneDelegate.swift in Sources */,
			);
			runOnlyForDeploymentPostprocessing = 0;
		};
		8FF9552425CB97A80071FC03 /* Sources */ = {
			isa = PBXSourcesBuildPhase;
			buildActionMask = 2147483647;
			files = (
				8FF9552D25CB97A80071FC03 /* SampleAppTests.swift in Sources */,
			);
			runOnlyForDeploymentPostprocessing = 0;
		};
		8FF9552F25CB97A80071FC03 /* Sources */ = {
			isa = PBXSourcesBuildPhase;
			buildActionMask = 2147483647;
			files = (
				8FF9553825CB97A80071FC03 /* SampleAppUITests.swift in Sources */,
			);
			runOnlyForDeploymentPostprocessing = 0;
		};
/* End PBXSourcesBuildPhase section */

/* Begin PBXTargetDependency section */
		8FF9552A25CB97A80071FC03 /* PBXTargetDependency */ = {
			isa = PBXTargetDependency;
			target = 8FF9551125CB97A60071FC03 /* SampleApp */;
			targetProxy = 8FF9552925CB97A80071FC03 /* PBXContainerItemProxy */;
		};
		8FF9553525CB97A80071FC03 /* PBXTargetDependency */ = {
			isa = PBXTargetDependency;
			target = 8FF9551125CB97A60071FC03 /* SampleApp */;
			targetProxy = 8FF9553425CB97A80071FC03 /* PBXContainerItemProxy */;
		};
/* End PBXTargetDependency section */

/* Begin PBXVariantGroup section */
		8FF9551B25CB97A60071FC03 /* Main.storyboard */ = {
			isa = PBXVariantGroup;
			children = (
				8FF9551C25CB97A60071FC03 /* Base */,
			);
			name = Main.storyboard;
			sourceTree = "<group>";
		};
		8FF9552025CB97A80071FC03 /* LaunchScreen.storyboard */ = {
			isa = PBXVariantGroup;
			children = (
				8FF9552125CB97A80071FC03 /* Base */,
			);
			name = LaunchScreen.storyboard;
			sourceTree = "<group>";
		};
/* End PBXVariantGroup section */

/* Begin XCBuildConfiguration section */
		8FF9553A25CB97A80071FC03 /* Debug */ = {
			isa = XCBuildConfiguration;
			buildSettings = {
				ALWAYS_SEARCH_USER_PATHS = NO;
				CLANG_ANALYZER_NONNULL = YES;
				CLANG_ANALYZER_NUMBER_OBJECT_CONVERSION = YES_AGGRESSIVE;
				CLANG_CXX_LANGUAGE_STANDARD = "gnu++14";
				CLANG_CXX_LIBRARY = "libc++";
				CLANG_ENABLE_MODULES = YES;
				CLANG_ENABLE_OBJC_ARC = YES;
				CLANG_ENABLE_OBJC_WEAK = YES;
				CLANG_WARN_BLOCK_CAPTURE_AUTORELEASING = YES;
				CLANG_WARN_BOOL_CONVERSION = YES;
				CLANG_WARN_COMMA = YES;
				CLANG_WARN_CONSTANT_CONVERSION = YES;
				CLANG_WARN_DEPRECATED_OBJC_IMPLEMENTATIONS = YES;
				CLANG_WARN_DIRECT_OBJC_ISA_USAGE = YES_ERROR;
				CLANG_WARN_DOCUMENTATION_COMMENTS = YES;
				CLANG_WARN_EMPTY_BODY = YES;
				CLANG_WARN_ENUM_CONVERSION = YES;
				CLANG_WARN_INFINITE_RECURSION = YES;
				CLANG_WARN_INT_CONVERSION = YES;
				CLANG_WARN_NON_LITERAL_NULL_CONVERSION = YES;
				CLANG_WARN_OBJC_IMPLICIT_RETAIN_SELF = YES;
				CLANG_WARN_OBJC_LITERAL_CONVERSION = YES;
				CLANG_WARN_OBJC_ROOT_CLASS = YES_ERROR;
				CLANG_WARN_QUOTED_INCLUDE_IN_FRAMEWORK_HEADER = YES;
				CLANG_WARN_RANGE_LOOP_ANALYSIS = YES;
				CLANG_WARN_STRICT_PROTOTYPES = YES;
				CLANG_WARN_SUSPICIOUS_MOVE = YES;
				CLANG_WARN_UNGUARDED_AVAILABILITY = YES_AGGRESSIVE;
				CLANG_WARN_UNREACHABLE_CODE = YES;
				CLANG_WARN__DUPLICATE_METHOD_MATCH = YES;
				COPY_PHASE_STRIP = NO;
				DEBUG_INFORMATION_FORMAT = dwarf;
				ENABLE_STRICT_OBJC_MSGSEND = YES;
				ENABLE_TESTABILITY = YES;
				GCC_C_LANGUAGE_STANDARD = gnu11;
				GCC_DYNAMIC_NO_PIC = NO;
				GCC_NO_COMMON_BLOCKS = YES;
				GCC_OPTIMIZATION_LEVEL = 0;
				GCC_PREPROCESSOR_DEFINITIONS = (
					"DEBUG=1",
					"$(inherited)",
				);
				GCC_WARN_64_TO_32_BIT_CONVERSION = YES;
				GCC_WARN_ABOUT_RETURN_TYPE = YES_ERROR;
				GCC_WARN_UNDECLARED_SELECTOR = YES;
				GCC_WARN_UNINITIALIZED_AUTOS = YES_AGGRESSIVE;
				GCC_WARN_UNUSED_FUNCTION = YES;
				GCC_WARN_UNUSED_VARIABLE = YES;
				IPHONEOS_DEPLOYMENT_TARGET = 14.3;
				MTL_ENABLE_DEBUG_INFO = INCLUDE_SOURCE;
				MTL_FAST_MATH = YES;
				ONLY_ACTIVE_ARCH = YES;
				SDKROOT = iphoneos;
				SWIFT_ACTIVE_COMPILATION_CONDITIONS = DEBUG;
				SWIFT_OPTIMIZATION_LEVEL = "-Onone";
			};
			name = Debug;
		};
		8FF9553B25CB97A80071FC03 /* Release */ = {
			isa = XCBuildConfiguration;
			buildSettings = {
				ALWAYS_SEARCH_USER_PATHS = NO;
				CLANG_ANALYZER_NONNULL = YES;
				CLANG_ANALYZER_NUMBER_OBJECT_CONVERSION = YES_AGGRESSIVE;
				CLANG_CXX_LANGUAGE_STANDARD = "gnu++14";
				CLANG_CXX_LIBRARY = "libc++";
				CLANG_ENABLE_MODULES = YES;
				CLANG_ENABLE_OBJC_ARC = YES;
				CLANG_ENABLE_OBJC_WEAK = YES;
				CLANG_WARN_BLOCK_CAPTURE_AUTORELEASING = YES;
				CLANG_WARN_BOOL_CONVERSION = YES;
				CLANG_WARN_COMMA = YES;
				CLANG_WARN_CONSTANT_CONVERSION = YES;
				CLANG_WARN_DEPRECATED_OBJC_IMPLEMENTATIONS = YES;
				CLANG_WARN_DIRECT_OBJC_ISA_USAGE = YES_ERROR;
				CLANG_WARN_DOCUMENTATION_COMMENTS = YES;
				CLANG_WARN_EMPTY_BODY = YES;
				CLANG_WARN_ENUM_CONVERSION = YES;
				CLANG_WARN_INFINITE_RECURSION = YES;
				CLANG_WARN_INT_CONVERSION = YES;
				CLANG_WARN_NON_LITERAL_NULL_CONVERSION = YES;
				CLANG_WARN_OBJC_IMPLICIT_RETAIN_SELF = YES;
				CLANG_WARN_OBJC_LITERAL_CONVERSION = YES;
				CLANG_WARN_OBJC_ROOT_CLASS = YES_ERROR;
				CLANG_WARN_QUOTED_INCLUDE_IN_FRAMEWORK_HEADER = YES;
				CLANG_WARN_RANGE_LOOP_ANALYSIS = YES;
				CLANG_WARN_STRICT_PROTOTYPES = YES;
				CLANG_WARN_SUSPICIOUS_MOVE = YES;
				CLANG_WARN_UNGUARDED_AVAILABILITY = YES_AGGRESSIVE;
				CLANG_WARN_UNREACHABLE_CODE = YES;
				CLANG_WARN__DUPLICATE_METHOD_MATCH = YES;
				COPY_PHASE_STRIP = NO;
				DEBUG_INFORMATION_FORMAT = "dwarf-with-dsym";
				ENABLE_NS_ASSERTIONS = NO;
				ENABLE_STRICT_OBJC_MSGSEND = YES;
				GCC_C_LANGUAGE_STANDARD = gnu11;
				GCC_NO_COMMON_BLOCKS = YES;
				GCC_WARN_64_TO_32_BIT_CONVERSION = YES;
				GCC_WARN_ABOUT_RETURN_TYPE = YES_ERROR;
				GCC_WARN_UNDECLARED_SELECTOR = YES;
				GCC_WARN_UNINITIALIZED_AUTOS = YES_AGGRESSIVE;
				GCC_WARN_UNUSED_FUNCTION = YES;
				GCC_WARN_UNUSED_VARIABLE = YES;
				IPHONEOS_DEPLOYMENT_TARGET = 14.3;
				MTL_ENABLE_DEBUG_INFO = NO;
				MTL_FAST_MATH = YES;
				SDKROOT = iphoneos;
				SWIFT_COMPILATION_MODE = wholemodule;
				SWIFT_OPTIMIZATION_LEVEL = "-O";
				VALIDATE_PRODUCT = YES;
			};
			name = Release;
		};
		8FF9553D25CB97A80071FC03 /* Debug */ = {
			isa = XCBuildConfiguration;
			buildSettings = {
				ASSETCATALOG_COMPILER_APPICON_NAME = AppIcon;
				ASSETCATALOG_COMPILER_GLOBAL_ACCENT_COLOR_NAME = AccentColor;
				CODE_SIGN_STYLE = Automatic;
				INFOPLIST_FILE = SampleApp/Info.plist;
				LD_RUNPATH_SEARCH_PATHS = (
					"$(inherited)",
					"@executable_path/Frameworks",
				);
				PRODUCT_BUNDLE_IDENTIFIER = kudpig.SampleApp;
				PRODUCT_NAME = "$(TARGET_NAME)";
				SWIFT_VERSION = 5.0;
				TARGETED_DEVICE_FAMILY = "1,2";
			};
			name = Debug;
		};
		8FF9553E25CB97A80071FC03 /* Release */ = {
			isa = XCBuildConfiguration;
			buildSettings = {
				ASSETCATALOG_COMPILER_APPICON_NAME = AppIcon;
				ASSETCATALOG_COMPILER_GLOBAL_ACCENT_COLOR_NAME = AccentColor;
				CODE_SIGN_STYLE = Automatic;
				INFOPLIST_FILE = SampleApp/Info.plist;
				LD_RUNPATH_SEARCH_PATHS = (
					"$(inherited)",
					"@executable_path/Frameworks",
				);
				PRODUCT_BUNDLE_IDENTIFIER = kudpig.SampleApp;
				PRODUCT_NAME = "$(TARGET_NAME)";
				SWIFT_VERSION = 5.0;
				TARGETED_DEVICE_FAMILY = "1,2";
			};
			name = Release;
		};
		8FF9554025CB97A80071FC03 /* Debug */ = {
			isa = XCBuildConfiguration;
			buildSettings = {
				ALWAYS_EMBED_SWIFT_STANDARD_LIBRARIES = YES;
				BUNDLE_LOADER = "$(TEST_HOST)";
				CODE_SIGN_STYLE = Automatic;
				INFOPLIST_FILE = SampleAppTests/Info.plist;
				IPHONEOS_DEPLOYMENT_TARGET = 14.3;
				LD_RUNPATH_SEARCH_PATHS = (
					"$(inherited)",
					"@executable_path/Frameworks",
					"@loader_path/Frameworks",
				);
				PRODUCT_BUNDLE_IDENTIFIER = kudpig.SampleAppTests;
				PRODUCT_NAME = "$(TARGET_NAME)";
				SWIFT_VERSION = 5.0;
				TARGETED_DEVICE_FAMILY = "1,2";
				TEST_HOST = "$(BUILT_PRODUCTS_DIR)/SampleApp.app/SampleApp";
			};
			name = Debug;
		};
		8FF9554125CB97A80071FC03 /* Release */ = {
			isa = XCBuildConfiguration;
			buildSettings = {
				ALWAYS_EMBED_SWIFT_STANDARD_LIBRARIES = YES;
				BUNDLE_LOADER = "$(TEST_HOST)";
				CODE_SIGN_STYLE = Automatic;
				INFOPLIST_FILE = SampleAppTests/Info.plist;
				IPHONEOS_DEPLOYMENT_TARGET = 14.3;
				LD_RUNPATH_SEARCH_PATHS = (
					"$(inherited)",
					"@executable_path/Frameworks",
					"@loader_path/Frameworks",
				);
				PRODUCT_BUNDLE_IDENTIFIER = kudpig.SampleAppTests;
				PRODUCT_NAME = "$(TARGET_NAME)";
				SWIFT_VERSION = 5.0;
				TARGETED_DEVICE_FAMILY = "1,2";
				TEST_HOST = "$(BUILT_PRODUCTS_DIR)/SampleApp.app/SampleApp";
			};
			name = Release;
		};
		8FF9554325CB97A80071FC03 /* Debug */ = {
			isa = XCBuildConfiguration;
			buildSettings = {
				ALWAYS_EMBED_SWIFT_STANDARD_LIBRARIES = YES;
				CODE_SIGN_STYLE = Automatic;
				INFOPLIST_FILE = SampleAppUITests/Info.plist;
				LD_RUNPATH_SEARCH_PATHS = (
					"$(inherited)",
					"@executable_path/Frameworks",
					"@loader_path/Frameworks",
				);
				PRODUCT_BUNDLE_IDENTIFIER = kudpig.SampleAppUITests;
				PRODUCT_NAME = "$(TARGET_NAME)";
				SWIFT_VERSION = 5.0;
				TARGETED_DEVICE_FAMILY = "1,2";
				TEST_TARGET_NAME = SampleApp;
			};
			name = Debug;
		};
		8FF9554425CB97A80071FC03 /* Release */ = {
			isa = XCBuildConfiguration;
			buildSettings = {
				ALWAYS_EMBED_SWIFT_STANDARD_LIBRARIES = YES;
				CODE_SIGN_STYLE = Automatic;
				INFOPLIST_FILE = SampleAppUITests/Info.plist;
				LD_RUNPATH_SEARCH_PATHS = (
					"$(inherited)",
					"@executable_path/Frameworks",
					"@loader_path/Frameworks",
				);
				PRODUCT_BUNDLE_IDENTIFIER = kudpig.SampleAppUITests;
				PRODUCT_NAME = "$(TARGET_NAME)";
				SWIFT_VERSION = 5.0;
				TARGETED_DEVICE_FAMILY = "1,2";
				TEST_TARGET_NAME = SampleApp;
			};
			name = Release;
		};
/* End XCBuildConfiguration section */

/* Begin XCConfigurationList section */
		8FF9550D25CB97A60071FC03 /* Build configuration list for PBXProject "SampleApp" */ = {
			isa = XCConfigurationList;
			buildConfigurations = (
				8FF9553A25CB97A80071FC03 /* Debug */,
				8FF9553B25CB97A80071FC03 /* Release */,
			);
			defaultConfigurationIsVisible = 0;
			defaultConfigurationName = Release;
		};
		8FF9553C25CB97A80071FC03 /* Build configuration list for PBXNativeTarget "SampleApp" */ = {
			isa = XCConfigurationList;
			buildConfigurations = (
				8FF9553D25CB97A80071FC03 /* Debug */,
				8FF9553E25CB97A80071FC03 /* Release */,
			);
			defaultConfigurationIsVisible = 0;
			defaultConfigurationName = Release;
		};
		8FF9553F25CB97A80071FC03 /* Build configuration list for PBXNativeTarget "SampleAppTests" */ = {
			isa = XCConfigurationList;
			buildConfigurations = (
				8FF9554025CB97A80071FC03 /* Debug */,
				8FF9554125CB97A80071FC03 /* Release */,
			);
			defaultConfigurationIsVisible = 0;
			defaultConfigurationName = Release;
		};
		8FF9554225CB97A80071FC03 /* Build configuration list for PBXNativeTarget "SampleAppUITests" */ = {
			isa = XCConfigurationList;
			buildConfigurations = (
				8FF9554325CB97A80071FC03 /* Debug */,
				8FF9554425CB97A80071FC03 /* Release */,
			);
			defaultConfigurationIsVisible = 0;
			defaultConfigurationName = Release;
		};
/* End XCConfigurationList section */
	};
	rootObject = 8FF9550A25CB97A60071FC03 /* Project object */;
}
